
Microsoft Visual Studio Solution File, Format Version 12.00
# Visual Studio Version 17
VisualStudioVersion = 17.7.34024.191
MinimumVisualStudioVersion = 10.0.40219.1
Project("{888888A0-9F3D-457C-B088-3A5042F75D52}") = "Factorial_nuevo", "Factorial_nuevo.pyproj", "{892F936A-F2F6-4521-BEFF-ED7C348F6337}"
EndProject
Global
	GlobalSection(SolutionConfigurationPlatforms) = preSolution
		Debug|Any CPU = Debug|Any CPU
		Release|Any CPU = Release|Any CPU
	EndGlobalSection
	GlobalSection(ProjectConfigurationPlatforms) = postSolution
		{892F936A-F2F6-4521-BEFF-ED7C348F6337}.Debug|Any CPU.ActiveCfg = Debug|Any CPU
		{892F936A-F2F6-4521-BEFF-ED7C348F6337}.Release|Any CPU.ActiveCfg = Release|Any CPU
	EndGlobalSection
	GlobalSection(SolutionProperties) = preSolution
		HideSolutionNode = FALSE
	EndGlobalSection
	GlobalSection(ExtensibilityGlobals) = postSolution
		SolutionGuid = {ABA63ACE-550F-4BA7-A516-A80C16946285}
	EndGlobalSection
EndGlobal
